
Microsoft Visual Studio Solution File, Format Version 11.00
# Visual Studio 2010
Project("{FAE04EC0-301F-11D3-BF4B-00C04F79EFBC}") = "SmoothProgressBar", "SmoothProgressBar\SmoothProgressBar.csproj", "{CAF5F356-4B2D-4A4E-9377-E7EC08900C76}"
EndProject
Global
	GlobalSection(SolutionConfigurationPlatforms) = preSolution
		Debug|Any CPU = Debug|Any CPU
		Release|Any CPU = Release|Any CPU
	EndGlobalSection
	GlobalSection(ProjectConfigurationPlatforms) = postSolution
		{CAF5F356-4B2D-4A4E-9377-E7EC08900C76}.Debug|Any CPU.ActiveCfg = Debug|Any CPU
		{CAF5F356-4B2D-4A4E-9377-E7EC08900C76}.Debug|Any CPU.Build.0 = Debug|Any CPU
		{CAF5F356-4B2D-4A4E-9377-E7EC08900C76}.Release|Any CPU.ActiveCfg = Release|Any CPU
		{CAF5F356-4B2D-4A4E-9377-E7EC08900C76}.Release|Any CPU.Build.0 = Release|Any CPU
	EndGlobalSection
	GlobalSection(SolutionProperties) = preSolution
		HideSolutionNode = FALSE
	EndGlobalSection
EndGlobal
